// !$*UTF8*$!
{
	archiveVersion = 1;
	classes = {
	};
	objectVersion = 56;
	objects = {

/* Begin PBXBuildFile section */
		832B77C329872C0A00DB027D /* AppDelegate.swift in Sources */ = {isa = PBXBuildFile; fileRef = 832B77C229872C0A00DB027D /* AppDelegate.swift */; };
		832B77C529872C0A00DB027D /* SceneDelegate.swift in Sources */ = {isa = PBXBuildFile; fileRef = 832B77C429872C0A00DB027D /* SceneDelegate.swift */; };
		832B77CA29872C0A00DB027D /* Main.storyboard in Resources */ = {isa = PBXBuildFile; fileRef = 832B77C829872C0A00DB027D /* Main.storyboard */; };
		832B77CC29872C0C00DB027D /* Assets.xcassets in Resources */ = {isa = PBXBuildFile; fileRef = 832B77CB29872C0C00DB027D /* Assets.xcassets */; };
		832B77D72987308900DB027D /* ChecklistViewController.swift in Sources */ = {isa = PBXBuildFile; fileRef = 832B77D62987308900DB027D /* ChecklistViewController.swift */; };
		832B77D9298749E900DB027D /* ChecklistItem.swift in Sources */ = {isa = PBXBuildFile; fileRef = 832B77D8298749E900DB027D /* ChecklistItem.swift */; };
		832B77DB2987696700DB027D /* ItemDetailViewController.swift in Sources */ = {isa = PBXBuildFile; fileRef = 832B77DA2987696700DB027D /* ItemDetailViewController.swift */; };
		832B77DD299199F700DB027D /* AllListsViewController.swift in Sources */ = {isa = PBXBuildFile; fileRef = 832B77DC299199F700DB027D /* AllListsViewController.swift */; };
		832B77DF2991AC6100DB027D /* Checklist.swift in Sources */ = {isa = PBXBuildFile; fileRef = 832B77DE2991AC6100DB027D /* Checklist.swift */; };
		832B77E12991B7FC00DB027D /* ListDetailViewController.swift in Sources */ = {isa = PBXBuildFile; fileRef = 832B77E02991B7FC00DB027D /* ListDetailViewController.swift */; };
		832B77E32991E2B600DB027D /* DataModel.swift in Sources */ = {isa = PBXBuildFile; fileRef = 832B77E22991E2B600DB027D /* DataModel.swift */; };
		832B77EA2995BBA500DB027D /* IconPickerViewController.swift in Sources */ = {isa = PBXBuildFile; fileRef = 832B77E92995BBA500DB027D /* IconPickerViewController.swift */; };
/* End PBXBuildFile section */

/* Begin PBXFileReference section */
		832B77BF29872C0A00DB027D /* Checklists.app */ = {isa = PBXFileReference; explicitFileType = wrapper.application; includeInIndex = 0; path = Checklists.app; sourceTree = BUILT_PRODUCTS_DIR; };
		832B77C229872C0A00DB027D /* AppDelegate.swift */ = {isa = PBXFileReference; lastKnownFileType = sourcecode.swift; path = AppDelegate.swift; sourceTree = "<group>"; };
		832B77C429872C0A00DB027D /* SceneDelegate.swift */ = {isa = PBXFileReference; lastKnownFileType = sourcecode.swift; path = SceneDelegate.swift; sourceTree = "<group>"; };
		832B77C929872C0A00DB027D /* Base */ = {isa = PBXFileReference; lastKnownFileType = file.storyboard; name = Base; path = Base.lproj/Main.storyboard; sourceTree = "<group>"; };
		832B77CB29872C0C00DB027D /* Assets.xcassets */ = {isa = PBXFileReference; lastKnownFileType = folder.assetcatalog; path = Assets.xcassets; sourceTree = "<group>"; };
		832B77D029872C0C00DB027D /* Info.plist */ = {isa = PBXFileReference; lastKnownFileType = text.plist.xml; path = Info.plist; sourceTree = "<group>"; };
		832B77D62987308900DB027D /* ChecklistViewController.swift */ = {isa = PBXFileReference; lastKnownFileType = sourcecode.swift; path = ChecklistViewController.swift; sourceTree = "<group>"; };
		832B77D8298749E900DB027D /* ChecklistItem.swift */ = {isa = PBXFileReference; lastKnownFileType = sourcecode.swift; path = ChecklistItem.swift; sourceTree = "<group>"; };
		832B77DA2987696700DB027D /* ItemDetailViewController.swift */ = {isa = PBXFileReference; lastKnownFileType = sourcecode.swift; path = ItemDetailViewController.swift; sourceTree = "<group>"; };
		832B77DC299199F700DB027D /* AllListsViewController.swift */ = {isa = PBXFileReference; lastKnownFileType = sourcecode.swift; path = AllListsViewController.swift; sourceTree = "<group>"; };
		832B77DE2991AC6100DB027D /* Checklist.swift */ = {isa = PBXFileReference; lastKnownFileType = sourcecode.swift; path = Checklist.swift; sourceTree = "<group>"; };
		832B77E02991B7FC00DB027D /* ListDetailViewController.swift */ = {isa = PBXFileReference; lastKnownFileType = sourcecode.swift; path = ListDetailViewController.swift; sourceTree = "<group>"; };
		832B77E22991E2B600DB027D /* DataModel.swift */ = {isa = PBXFileReference; lastKnownFileType = sourcecode.swift; path = DataModel.swift; sourceTree = "<group>"; };
		832B77E92995BBA500DB027D /* IconPickerViewController.swift */ = {isa = PBXFileReference; lastKnownFileType = sourcecode.swift; path = IconPickerViewController.swift; sourceTree = "<group>"; };
/* End PBXFileReference section */

/* Begin PBXFrameworksBuildPhase section */
		832B77BC29872C0A00DB027D /* Frameworks */ = {
			isa = PBXFrameworksBuildPhase;
			buildActionMask = 2147483647;
			files = (
			);
			runOnlyForDeploymentPostprocessing = 0;
		};
/* End PBXFrameworksBuildPhase section */

/* Begin PBXGroup section */
		832B77B629872C0A00DB027D = {
			isa = PBXGroup;
			children = (
				832B77C129872C0A00DB027D /* Checklists */,
				832B77C029872C0A00DB027D /* Products */,
			);
			sourceTree = "<group>";
		};
		832B77C029872C0A00DB027D /* Products */ = {
			isa = PBXGroup;
			children = (
				832B77BF29872C0A00DB027D /* Checklists.app */,
			);
			name = Products;
			sourceTree = "<group>";
		};
		832B77C129872C0A00DB027D /* Checklists */ = {
			isa = PBXGroup;
			children = (
				832B77D029872C0C00DB027D /* Info.plist */,
				832B77E82991F15400DB027D /* Services */,
				832B77E72991F13E00DB027D /* Resources */,
				832B77E42991F0E600DB027D /* Data Models */,
			);
			path = Checklists;
			sourceTree = "<group>";
		};
		832B77E42991F0E600DB027D /* Data Models */ = {
			isa = PBXGroup;
			children = (
				832B77D8298749E900DB027D /* ChecklistItem.swift */,
				832B77DE2991AC6100DB027D /* Checklist.swift */,
				832B77E22991E2B600DB027D /* DataModel.swift */,
			);
			path = "Data Models";
			sourceTree = "<group>";
		};
		832B77E52991F10500DB027D /* View Controllers */ = {
			isa = PBXGroup;
			children = (
				832B77E02991B7FC00DB027D /* ListDetailViewController.swift */,
				832B77DA2987696700DB027D /* ItemDetailViewController.swift */,
				832B77D62987308900DB027D /* ChecklistViewController.swift */,
				832B77DC299199F700DB027D /* AllListsViewController.swift */,
				832B77E92995BBA500DB027D /* IconPickerViewController.swift */,
			);
			path = "View Controllers";
			sourceTree = "<group>";
		};
		832B77E72991F13E00DB027D /* Resources */ = {
			isa = PBXGroup;
			children = (
				832B77C829872C0A00DB027D /* Main.storyboard */,
				832B77CB29872C0C00DB027D /* Assets.xcassets */,
				832B77E52991F10500DB027D /* View Controllers */,
			);
			path = Resources;
			sourceTree = "<group>";
		};
		832B77E82991F15400DB027D /* Services */ = {
			isa = PBXGroup;
			children = (
				832B77C429872C0A00DB027D /* SceneDelegate.swift */,
				832B77C229872C0A00DB027D /* AppDelegate.swift */,
			);
			path = Services;
			sourceTree = "<group>";
		};
/* End PBXGroup section */

/* Begin PBXNativeTarget section */
		832B77BE29872C0A00DB027D /* Checklists */ = {
			isa = PBXNativeTarget;
			buildConfigurationList = 832B77D329872C0C00DB027D /* Build configuration list for PBXNativeTarget "Checklists" */;
			buildPhases = (
				832B77BB29872C0A00DB027D /* Sources */,
				832B77BC29872C0A00DB027D /* Frameworks */,
				832B77BD29872C0A00DB027D /* Resources */,
			);
			buildRules = (
			);
			dependencies = (
			);
			name = Checklists;
			productName = Checklists;
			productReference = 832B77BF29872C0A00DB027D /* Checklists.app */;
			productType = "com.apple.product-type.application";
		};
/* End PBXNativeTarget section */

/* Begin PBXProject section */
		832B77B729872C0A00DB027D /* Project object */ = {
			isa = PBXProject;
			attributes = {
				BuildIndependentTargetsInParallel = 1;
				LastSwiftUpdateCheck = 1420;
				LastUpgradeCheck = 1420;
				TargetAttributes = {
					832B77BE29872C0A00DB027D = {
						CreatedOnToolsVersion = 14.2;
					};
				};
			};
			buildConfigurationList = 832B77BA29872C0A00DB027D /* Build configuration list for PBXProject "Checklists" */;
			compatibilityVersion = "Xcode 14.0";
			developmentRegion = en;
			hasScannedForEncodings = 0;
			knownRegions = (
				en,
				Base,
			);
			mainGroup = 832B77B629872C0A00DB027D;
			productRefGroup = 832B77C029872C0A00DB027D /* Products */;
			projectDirPath = "";
			projectRoot = "";
			targets = (
				832B77BE29872C0A00DB027D /* Checklists */,
			);
		};
/* End PBXProject section */

/* Begin PBXResourcesBuildPhase section */
		832B77BD29872C0A00DB027D /* Resources */ = {
			isa = PBXResourcesBuildPhase;
			buildActionMask = 2147483647;
			files = (
				832B77CC29872C0C00DB027D /* Assets.xcassets in Resources */,
				832B77CA29872C0A00DB027D /* Main.storyboard in Resources */,
			);
			runOnlyForDeploymentPostprocessing = 0;
		};
/* End PBXResourcesBuildPhase section */

/* Begin PBXSourcesBuildPhase section */
		832B77BB29872C0A00DB027D /* Sources */ = {
			isa = PBXSourcesBuildPhase;
			buildActionMask = 2147483647;
			files = (
				832B77DB2987696700DB027D /* ItemDetailViewController.swift in Sources */,
				832B77C329872C0A00DB027D /* AppDelegate.swift in Sources */,
				832B77DD299199F700DB027D /* AllListsViewController.swift in Sources */,
				832B77EA2995BBA500DB027D /* IconPickerViewController.swift in Sources */,
				832B77D72987308900DB027D /* ChecklistViewController.swift in Sources */,
				832B77C529872C0A00DB027D /* SceneDelegate.swift in Sources */,
				832B77D9298749E900DB027D /* ChecklistItem.swift in Sources */,
				832B77DF2991AC6100DB027D /* Checklist.swift in Sources */,
				832B77E12991B7FC00DB027D /* ListDetailViewController.swift in Sources */,
				832B77E32991E2B600DB027D /* DataModel.swift in Sources */,
			);
			runOnlyForDeploymentPostprocessing = 0;
		};
/* End PBXSourcesBuildPhase section */

/* Begin PBXVariantGroup section */
		832B77C829872C0A00DB027D /* Main.storyboard */ = {
			isa = PBXVariantGroup;
			children = (
				832B77C929872C0A00DB027D /* Base */,
			);
			name = Main.storyboard;
			sourceTree = "<group>";
		};
/* End PBXVariantGroup section */

/* Begin XCBuildConfiguration section */
		832B77D129872C0C00DB027D /* Debug */ = {
			isa = XCBuildConfiguration;
			buildSettings = {
				ALWAYS_SEARCH_USER_PATHS = NO;
				CLANG_ANALYZER_NONNULL = YES;
				CLANG_ANALYZER_NUMBER_OBJECT_CONVERSION = YES_AGGRESSIVE;
				CLANG_CXX_LANGUAGE_STANDARD = "gnu++20";
				CLANG_ENABLE_MODULES = YES;
				CLANG_ENABLE_OBJC_ARC = YES;
				CLANG_ENABLE_OBJC_WEAK = YES;
				CLANG_WARN_BLOCK_CAPTURE_AUTORELEASING = YES;
				CLANG_WARN_BOOL_CONVERSION = YES;
				CLANG_WARN_COMMA = YES;
				CLANG_WARN_CONSTANT_CONVERSION = YES;
				CLANG_WARN_DEPRECATED_OBJC_IMPLEMENTATIONS = YES;
				CLANG_WARN_DIRECT_OBJC_ISA_USAGE = YES_ERROR;
				CLANG_WARN_DOCUMENTATION_COMMENTS = YES;
				CLANG_WARN_EMPTY_BODY = YES;
				CLANG_WARN_ENUM_CONVERSION = YES;
				CLANG_WARN_INFINITE_RECURSION = YES;
				CLANG_WARN_INT_CONVERSION = YES;
				CLANG_WARN_NON_LITERAL_NULL_CONVERSION = YES;
				CLANG_WARN_OBJC_IMPLICIT_RETAIN_SELF = YES;
				CLANG_WARN_OBJC_LITERAL_CONVERSION = YES;
				CLANG_WARN_OBJC_ROOT_CLASS = YES_ERROR;
				CLANG_WARN_QUOTED_INCLUDE_IN_FRAMEWORK_HEADER = YES;
				CLANG_WARN_RANGE_LOOP_ANALYSIS = YES;
				CLANG_WARN_STRICT_PROTOTYPES = YES;
				CLANG_WARN_SUSPICIOUS_MOVE = YES;
				CLANG_WARN_UNGUARDED_AVAILABILITY = YES_AGGRESSIVE;
				CLANG_WARN_UNREACHABLE_CODE = YES;
				CLANG_WARN__DUPLICATE_METHOD_MATCH = YES;
				COPY_PHASE_STRIP = NO;
				DEBUG_INFORMATION_FORMAT = dwarf;
				ENABLE_STRICT_OBJC_MSGSEND = YES;
				ENABLE_TESTABILITY = YES;
				GCC_C_LANGUAGE_STANDARD = gnu11;
				GCC_DYNAMIC_NO_PIC = NO;
				GCC_NO_COMMON_BLOCKS = YES;
				GCC_OPTIMIZATION_LEVEL = 0;
				GCC_PREPROCESSOR_DEFINITIONS = (
					"DEBUG=1",
					"$(inherited)",
				);
				GCC_WARN_64_TO_32_BIT_CONVERSION = YES;
				GCC_WARN_ABOUT_RETURN_TYPE = YES_ERROR;
				GCC_WARN_UNDECLARED_SELECTOR = YES;
				GCC_WARN_UNINITIALIZED_AUTOS = YES_AGGRESSIVE;
				GCC_WARN_UNUSED_FUNCTION = YES;
				GCC_WARN_UNUSED_VARIABLE = YES;
				IPHONEOS_DEPLOYMENT_TARGET = 16.2;
				MTL_ENABLE_DEBUG_INFO = INCLUDE_SOURCE;
				MTL_FAST_MATH = YES;
				ONLY_ACTIVE_ARCH = YES;
				SDKROOT = iphoneos;
				SWIFT_ACTIVE_COMPILATION_CONDITIONS = DEBUG;
				SWIFT_OPTIMIZATION_LEVEL = "-Onone";
			};
			name = Debug;
		};
		832B77D229872C0C00DB027D /* Release */ = {
			isa = XCBuildConfiguration;
			buildSettings = {
				ALWAYS_SEARCH_USER_PATHS = NO;
				CLANG_ANALYZER_NONNULL = YES;
				CLANG_ANALYZER_NUMBER_OBJECT_CONVERSION = YES_AGGRESSIVE;
				CLANG_CXX_LANGUAGE_STANDARD = "gnu++20";
				CLANG_ENABLE_MODULES = YES;
				CLANG_ENABLE_OBJC_ARC = YES;
				CLANG_ENABLE_OBJC_WEAK = YES;
				CLANG_WARN_BLOCK_CAPTURE_AUTORELEASING = YES;
				CLANG_WARN_BOOL_CONVERSION = YES;
				CLANG_WARN_COMMA = YES;
				CLANG_WARN_CONSTANT_CONVERSION = YES;
				CLANG_WARN_DEPRECATED_OBJC_IMPLEMENTATIONS = YES;
				CLANG_WARN_DIRECT_OBJC_ISA_USAGE = YES_ERROR;
				CLANG_WARN_DOCUMENTATION_COMMENTS = YES;
				CLANG_WARN_EMPTY_BODY = YES;
				CLANG_WARN_ENUM_CONVERSION = YES;
				CLANG_WARN_INFINITE_RECURSION = YES;
				CLANG_WARN_INT_CONVERSION = YES;
				CLANG_WARN_NON_LITERAL_NULL_CONVERSION = YES;
				CLANG_WARN_OBJC_IMPLICIT_RETAIN_SELF = YES;
				CLANG_WARN_OBJC_LITERAL_CONVERSION = YES;
				CLANG_WARN_OBJC_ROOT_CLASS = YES_ERROR;
				CLANG_WARN_QUOTED_INCLUDE_IN_FRAMEWORK_HEADER = YES;
				CLANG_WARN_RANGE_LOOP_ANALYSIS = YES;
				CLANG_WARN_STRICT_PROTOTYPES = YES;
				CLANG_WARN_SUSPICIOUS_MOVE = YES;
				CLANG_WARN_UNGUARDED_AVAILABILITY = YES_AGGRESSIVE;
				CLANG_WARN_UNREACHABLE_CODE = YES;
				CLANG_WARN__DUPLICATE_METHOD_MATCH = YES;
				COPY_PHASE_STRIP = NO;
				DEBUG_INFORMATION_FORMAT = "dwarf-with-dsym";
				ENABLE_NS_ASSERTIONS = NO;
				ENABLE_STRICT_OBJC_MSGSEND = YES;
				GCC_C_LANGUAGE_STANDARD = gnu11;
				GCC_NO_COMMON_BLOCKS = YES;
				GCC_WARN_64_TO_32_BIT_CONVERSION = YES;
				GCC_WARN_ABOUT_RETURN_TYPE = YES_ERROR;
				GCC_WARN_UNDECLARED_SELECTOR = YES;
				GCC_WARN_UNINITIALIZED_AUTOS = YES_AGGRESSIVE;
				GCC_WARN_UNUSED_FUNCTION = YES;
				GCC_WARN_UNUSED_VARIABLE = YES;
				IPHONEOS_DEPLOYMENT_TARGET = 16.2;
				MTL_ENABLE_DEBUG_INFO = NO;
				MTL_FAST_MATH = YES;
				SDKROOT = iphoneos;
				SWIFT_COMPILATION_MODE = wholemodule;
				SWIFT_OPTIMIZATION_LEVEL = "-O";
				VALIDATE_PRODUCT = YES;
			};
			name = Release;
		};
		832B77D429872C0C00DB027D /* Debug */ = {
			isa = XCBuildConfiguration;
			buildSettings = {
				ASSETCATALOG_COMPILER_APPICON_NAME = AppIcon;
				ASSETCATALOG_COMPILER_GLOBAL_ACCENT_COLOR_NAME = AccentColor;
				CODE_SIGN_STYLE = Automatic;
				CURRENT_PROJECT_VERSION = 1;
				DEVELOPMENT_TEAM = RCS4G2V8Q8;
				GENERATE_INFOPLIST_FILE = YES;
				INFOPLIST_FILE = Checklists/Info.plist;
				INFOPLIST_KEY_UIApplicationSupportsIndirectInputEvents = YES;
				INFOPLIST_KEY_UILaunchStoryboardName = Main.storyboard;
				INFOPLIST_KEY_UIMainStoryboardFile = Main;
				INFOPLIST_KEY_UISupportedInterfaceOrientations = UIInterfaceOrientationPortrait;
				LD_RUNPATH_SEARCH_PATHS = (
					"$(inherited)",
					"@executable_path/Frameworks",
				);
				MARKETING_VERSION = 1.0;
				PRODUCT_BUNDLE_IDENTIFIER = sgtstitches.Checklists;
				PRODUCT_NAME = "$(TARGET_NAME)";
				SWIFT_EMIT_LOC_STRINGS = YES;
				SWIFT_VERSION = 5.0;
				TARGETED_DEVICE_FAMILY = "1,2";
			};
			name = Debug;
		};
		832B77D529872C0C00DB027D /* Release */ = {
			isa = XCBuildConfiguration;
			buildSettings = {
				ASSETCATALOG_COMPILER_APPICON_NAME = AppIcon;
				ASSETCATALOG_COMPILER_GLOBAL_ACCENT_COLOR_NAME = AccentColor;
				CODE_SIGN_STYLE = Automatic;
				CURRENT_PROJECT_VERSION = 1;
				DEVELOPMENT_TEAM = RCS4G2V8Q8;
				GENERATE_INFOPLIST_FILE = YES;
				INFOPLIST_FILE = Checklists/Info.plist;
				INFOPLIST_KEY_UIApplicationSupportsIndirectInputEvents = YES;
				INFOPLIST_KEY_UILaunchStoryboardName = Main.storyboard;
				INFOPLIST_KEY_UIMainStoryboardFile = Main;
				INFOPLIST_KEY_UISupportedInterfaceOrientations = UIInterfaceOrientationPortrait;
				LD_RUNPATH_SEARCH_PATHS = (
					"$(inherited)",
					"@executable_path/Frameworks",
				);
				MARKETING_VERSION = 1.0;
				PRODUCT_BUNDLE_IDENTIFIER = sgtstitches.Checklists;
				PRODUCT_NAME = "$(TARGET_NAME)";
				SWIFT_EMIT_LOC_STRINGS = YES;
				SWIFT_VERSION = 5.0;
				TARGETED_DEVICE_FAMILY = "1,2";
			};
			name = Release;
		};
/* End XCBuildConfiguration section */

/* Begin XCConfigurationList section */
		832B77BA29872C0A00DB027D /* Build configuration list for PBXProject "Checklists" */ = {
			isa = XCConfigurationList;
			buildConfigurations = (
				832B77D129872C0C00DB027D /* Debug */,
				832B77D229872C0C00DB027D /* Release */,
			);
			defaultConfigurationIsVisible = 0;
			defaultConfigurationName = Release;
		};
		832B77D329872C0C00DB027D /* Build configuration list for PBXNativeTarget "Checklists" */ = {
			isa = XCConfigurationList;
			buildConfigurations = (
				832B77D429872C0C00DB027D /* Debug */,
				832B77D529872C0C00DB027D /* Release */,
			);
			defaultConfigurationIsVisible = 0;
			defaultConfigurationName = Release;
		};
/* End XCConfigurationList section */
	};
	rootObject = 832B77B729872C0A00DB027D /* Project object */;
}
